// !$*UTF8*$!
{
	archiveVersion = 1;
	classes = {
	};
	objectVersion = 56;
	objects = {

/* Begin PBXBuildFile section */
		41B003712B82BC7D00DD5CF7 /* MindBodyModel.xcdatamodeld in Sources */ = {isa = PBXBuildFile; fileRef = 41B0036F2B82BC7D00DD5CF7 /* MindBodyModel.xcdatamodeld */; };
		41B003732B82BFD900DD5CF7 /* CoreDataManager.swift in Sources */ = {isa = PBXBuildFile; fileRef = 41B003722B82BFD900DD5CF7 /* CoreDataManager.swift */; };
		41B003762B82C32400DD5CF7 /* FoodItem+CoreDataClass.swift in Sources */ = {isa = PBXBuildFile; fileRef = 41B003742B82C32400DD5CF7 /* FoodItem+CoreDataClass.swift */; };
		41B003792B8BFB2F00DD5CF7 /* User.swift in Sources */ = {isa = PBXBuildFile; fileRef = 41B003782B8BFB2F00DD5CF7 /* User.swift */; };
		529F996E2B9156DF00C6D7A3 /* UserAuth.swift in Sources */ = {isa = PBXBuildFile; fileRef = 529F996D2B9156DF00C6D7A3 /* UserAuth.swift */; };
		529F99702B91572E00C6D7A3 /* AppUser.swift in Sources */ = {isa = PBXBuildFile; fileRef = 529F996F2B91572E00C6D7A3 /* AppUser.swift */; };
		529F99762B9160D300C6D7A3 /* content.swift in Sources */ = {isa = PBXBuildFile; fileRef = 529F99752B9160D300C6D7A3 /* content.swift */; };
		52A8160C2B7C2323008A7590 /* TestAppApp.swift in Sources */ = {isa = PBXBuildFile; fileRef = 52A8160B2B7C2323008A7590 /* TestAppApp.swift */; };
		52A8160E2B7C2323008A7590 /* ContentView.swift in Sources */ = {isa = PBXBuildFile; fileRef = 52A8160D2B7C2323008A7590 /* ContentView.swift */; };
		52A816102B7C2324008A7590 /* Assets.xcassets in Resources */ = {isa = PBXBuildFile; fileRef = 52A8160F2B7C2324008A7590 /* Assets.xcassets */; };
		52A816142B7C2324008A7590 /* Preview Assets.xcassets in Resources */ = {isa = PBXBuildFile; fileRef = 52A816132B7C2324008A7590 /* Preview Assets.xcassets */; };
		52A8161E2B7C2324008A7590 /* TestAppTests.swift in Sources */ = {isa = PBXBuildFile; fileRef = 52A8161D2B7C2324008A7590 /* TestAppTests.swift */; };
		52A816282B7C2325008A7590 /* TestAppUITests.swift in Sources */ = {isa = PBXBuildFile; fileRef = 52A816272B7C2325008A7590 /* TestAppUITests.swift */; };
		52A8162A2B7C2325008A7590 /* TestAppUITestsLaunchTests.swift in Sources */ = {isa = PBXBuildFile; fileRef = 52A816292B7C2325008A7590 /* TestAppUITestsLaunchTests.swift */; };
		52A816372B7C247E008A7590 /* Reminder.swift in Sources */ = {isa = PBXBuildFile; fileRef = 52A816362B7C247E008A7590 /* Reminder.swift */; };
		52A816392B7C2558008A7590 /* Home.swift in Sources */ = {isa = PBXBuildFile; fileRef = 52A816382B7C2558008A7590 /* Home.swift */; };
		952AB0332B7CA578000E90BB /* Food.swift in Sources */ = {isa = PBXBuildFile; fileRef = 952AB0322B7CA578000E90BB /* Food.swift */; };
		95559C152B8D2A0200494243 /* Exercise.swift in Sources */ = {isa = PBXBuildFile; fileRef = 95559C142B8D2A0200494243 /* Exercise.swift */; };
		95559C172B8D57BA00494243 /* UserEntries.swift in Sources */ = {isa = PBXBuildFile; fileRef = 95559C162B8D57BA00494243 /* UserEntries.swift */; };
/* End PBXBuildFile section */

/* Begin PBXContainerItemProxy section */
		52A8161A2B7C2324008A7590 /* PBXContainerItemProxy */ = {
			isa = PBXContainerItemProxy;
			containerPortal = 52A816002B7C2322008A7590 /* Project object */;
			proxyType = 1;
			remoteGlobalIDString = 52A816072B7C2323008A7590;
			remoteInfo = TestApp;
		};
		52A816242B7C2325008A7590 /* PBXContainerItemProxy */ = {
			isa = PBXContainerItemProxy;
			containerPortal = 52A816002B7C2322008A7590 /* Project object */;
			proxyType = 1;
			remoteGlobalIDString = 52A816072B7C2323008A7590;
			remoteInfo = TestApp;
		};
/* End PBXContainerItemProxy section */

/* Begin PBXFileReference section */
		41B003702B82BC7D00DD5CF7 /* MindBodyModel.xcdatamodel */ = {isa = PBXFileReference; lastKnownFileType = wrapper.xcdatamodel; path = MindBodyModel.xcdatamodel; sourceTree = "<group>"; };
		41B003722B82BFD900DD5CF7 /* CoreDataManager.swift */ = {isa = PBXFileReference; lastKnownFileType = sourcecode.swift; path = CoreDataManager.swift; sourceTree = "<group>"; };
		41B003742B82C32400DD5CF7 /* FoodItem+CoreDataClass.swift */ = {isa = PBXFileReference; lastKnownFileType = sourcecode.swift; name = "FoodItem+CoreDataClass.swift"; path = "TestApp/FoodItem+CoreDataClass.swift"; sourceTree = "<group>"; };
		41B003782B8BFB2F00DD5CF7 /* User.swift */ = {isa = PBXFileReference; lastKnownFileType = sourcecode.swift; path = User.swift; sourceTree = "<group>"; };
		529F996D2B9156DF00C6D7A3 /* UserAuth.swift */ = {isa = PBXFileReference; lastKnownFileType = sourcecode.swift; path = UserAuth.swift; sourceTree = "<group>"; };
		529F996F2B91572E00C6D7A3 /* AppUser.swift */ = {isa = PBXFileReference; lastKnownFileType = sourcecode.swift; path = AppUser.swift; sourceTree = "<group>"; };
		529F99752B9160D300C6D7A3 /* content.swift */ = {isa = PBXFileReference; lastKnownFileType = sourcecode.swift; path = content.swift; sourceTree = "<group>"; };
		52A816082B7C2323008A7590 /* TestApp.app */ = {isa = PBXFileReference; explicitFileType = wrapper.application; includeInIndex = 0; path = TestApp.app; sourceTree = BUILT_PRODUCTS_DIR; };
		52A8160B2B7C2323008A7590 /* TestAppApp.swift */ = {isa = PBXFileReference; lastKnownFileType = sourcecode.swift; path = TestAppApp.swift; sourceTree = "<group>"; };
		52A8160D2B7C2323008A7590 /* ContentView.swift */ = {isa = PBXFileReference; lastKnownFileType = sourcecode.swift; path = ContentView.swift; sourceTree = "<group>"; };
		52A8160F2B7C2324008A7590 /* Assets.xcassets */ = {isa = PBXFileReference; lastKnownFileType = folder.assetcatalog; path = Assets.xcassets; sourceTree = "<group>"; };
		52A816112B7C2324008A7590 /* TestApp.entitlements */ = {isa = PBXFileReference; lastKnownFileType = text.plist.entitlements; path = TestApp.entitlements; sourceTree = "<group>"; };
		52A816132B7C2324008A7590 /* Preview Assets.xcassets */ = {isa = PBXFileReference; lastKnownFileType = folder.assetcatalog; path = "Preview Assets.xcassets"; sourceTree = "<group>"; };
		52A816192B7C2324008A7590 /* TestAppTests.xctest */ = {isa = PBXFileReference; explicitFileType = wrapper.cfbundle; includeInIndex = 0; path = TestAppTests.xctest; sourceTree = BUILT_PRODUCTS_DIR; };
		52A8161D2B7C2324008A7590 /* TestAppTests.swift */ = {isa = PBXFileReference; lastKnownFileType = sourcecode.swift; path = TestAppTests.swift; sourceTree = "<group>"; };
		52A816232B7C2325008A7590 /* TestAppUITests.xctest */ = {isa = PBXFileReference; explicitFileType = wrapper.cfbundle; includeInIndex = 0; path = TestAppUITests.xctest; sourceTree = BUILT_PRODUCTS_DIR; };
		52A816272B7C2325008A7590 /* TestAppUITests.swift */ = {isa = PBXFileReference; lastKnownFileType = sourcecode.swift; path = TestAppUITests.swift; sourceTree = "<group>"; };
		52A816292B7C2325008A7590 /* TestAppUITestsLaunchTests.swift */ = {isa = PBXFileReference; lastKnownFileType = sourcecode.swift; path = TestAppUITestsLaunchTests.swift; sourceTree = "<group>"; };
		52A816362B7C247E008A7590 /* Reminder.swift */ = {isa = PBXFileReference; lastKnownFileType = sourcecode.swift; path = Reminder.swift; sourceTree = "<group>"; };
		52A816382B7C2558008A7590 /* Home.swift */ = {isa = PBXFileReference; lastKnownFileType = sourcecode.swift; path = Home.swift; sourceTree = "<group>"; };
		952AB0322B7CA578000E90BB /* Food.swift */ = {isa = PBXFileReference; lastKnownFileType = sourcecode.swift; path = Food.swift; sourceTree = "<group>"; };
		95559C142B8D2A0200494243 /* Exercise.swift */ = {isa = PBXFileReference; lastKnownFileType = sourcecode.swift; path = Exercise.swift; sourceTree = "<group>"; };
		95559C162B8D57BA00494243 /* UserEntries.swift */ = {isa = PBXFileReference; lastKnownFileType = sourcecode.swift; path = UserEntries.swift; sourceTree = "<group>"; };
/* End PBXFileReference section */

/* Begin PBXFrameworksBuildPhase section */
		52A816052B7C2323008A7590 /* Frameworks */ = {
			isa = PBXFrameworksBuildPhase;
			buildActionMask = 2147483647;
			files = (
			);
			runOnlyForDeploymentPostprocessing = 0;
		};
		52A816162B7C2324008A7590 /* Frameworks */ = {
			isa = PBXFrameworksBuildPhase;
			buildActionMask = 2147483647;
			files = (
			);
			runOnlyForDeploymentPostprocessing = 0;
		};
		52A816202B7C2325008A7590 /* Frameworks */ = {
			isa = PBXFrameworksBuildPhase;
			buildActionMask = 2147483647;
			files = (
			);
			runOnlyForDeploymentPostprocessing = 0;
		};
/* End PBXFrameworksBuildPhase section */

/* Begin PBXGroup section */
		52A815FF2B7C2322008A7590 = {
			isa = PBXGroup;
			children = (
				41B003742B82C32400DD5CF7 /* FoodItem+CoreDataClass.swift */,
				52A8160A2B7C2323008A7590 /* TestApp */,
				52A8161C2B7C2324008A7590 /* TestAppTests */,
				52A816262B7C2325008A7590 /* TestAppUITests */,
				52A816092B7C2323008A7590 /* Products */,
			);
			sourceTree = "<group>";
		};
		52A816092B7C2323008A7590 /* Products */ = {
			isa = PBXGroup;
			children = (
				52A816082B7C2323008A7590 /* TestApp.app */,
				52A816192B7C2324008A7590 /* TestAppTests.xctest */,
				52A816232B7C2325008A7590 /* TestAppUITests.xctest */,
			);
			name = Products;
			sourceTree = "<group>";
		};
		52A8160A2B7C2323008A7590 /* TestApp */ = {
			isa = PBXGroup;
			children = (
				52A8160B2B7C2323008A7590 /* TestAppApp.swift */,
				529F99752B9160D300C6D7A3 /* content.swift */,
				529F996F2B91572E00C6D7A3 /* AppUser.swift */,
				529F996D2B9156DF00C6D7A3 /* UserAuth.swift */,
				52A8160D2B7C2323008A7590 /* ContentView.swift */,
				95559C142B8D2A0200494243 /* Exercise.swift */,
				52A816382B7C2558008A7590 /* Home.swift */,
				95559C162B8D57BA00494243 /* UserEntries.swift */,
				52A816362B7C247E008A7590 /* Reminder.swift */,
				952AB0322B7CA578000E90BB /* Food.swift */,
				52A8160F2B7C2324008A7590 /* Assets.xcassets */,
				52A816112B7C2324008A7590 /* TestApp.entitlements */,
				41B0036F2B82BC7D00DD5CF7 /* MindBodyModel.xcdatamodeld */,
				52A816122B7C2324008A7590 /* Preview Content */,
				41B003722B82BFD900DD5CF7 /* CoreDataManager.swift */,
				41B003782B8BFB2F00DD5CF7 /* User.swift */,
			);
			path = TestApp;
			sourceTree = "<group>";
		};
		52A816122B7C2324008A7590 /* Preview Content */ = {
			isa = PBXGroup;
			children = (
				52A816132B7C2324008A7590 /* Preview Assets.xcassets */,
			);
			path = "Preview Content";
			sourceTree = "<group>";
		};
		52A8161C2B7C2324008A7590 /* TestAppTests */ = {
			isa = PBXGroup;
			children = (
				52A8161D2B7C2324008A7590 /* TestAppTests.swift */,
			);
			path = TestAppTests;
			sourceTree = "<group>";
		};
		52A816262B7C2325008A7590 /* TestAppUITests */ = {
			isa = PBXGroup;
			children = (
				52A816272B7C2325008A7590 /* TestAppUITests.swift */,
				52A816292B7C2325008A7590 /* TestAppUITestsLaunchTests.swift */,
			);
			path = TestAppUITests;
			sourceTree = "<group>";
		};
/* End PBXGroup section */

/* Begin PBXNativeTarget section */
		52A816072B7C2323008A7590 /* TestApp */ = {
			isa = PBXNativeTarget;
			buildConfigurationList = 52A8162D2B7C2325008A7590 /* Build configuration list for PBXNativeTarget "TestApp" */;
			buildPhases = (
				52A816042B7C2323008A7590 /* Sources */,
				52A816052B7C2323008A7590 /* Frameworks */,
				52A816062B7C2323008A7590 /* Resources */,
			);
			buildRules = (
			);
			dependencies = (
			);
			name = TestApp;
			productName = TestApp;
			productReference = 52A816082B7C2323008A7590 /* TestApp.app */;
			productType = "com.apple.product-type.application";
		};
		52A816182B7C2324008A7590 /* TestAppTests */ = {
			isa = PBXNativeTarget;
			buildConfigurationList = 52A816302B7C2325008A7590 /* Build configuration list for PBXNativeTarget "TestAppTests" */;
			buildPhases = (
				52A816152B7C2324008A7590 /* Sources */,
				52A816162B7C2324008A7590 /* Frameworks */,
				52A816172B7C2324008A7590 /* Resources */,
			);
			buildRules = (
			);
			dependencies = (
				52A8161B2B7C2324008A7590 /* PBXTargetDependency */,
			);
			name = TestAppTests;
			productName = TestAppTests;
			productReference = 52A816192B7C2324008A7590 /* TestAppTests.xctest */;
			productType = "com.apple.product-type.bundle.unit-test";
		};
		52A816222B7C2325008A7590 /* TestAppUITests */ = {
			isa = PBXNativeTarget;
			buildConfigurationList = 52A816332B7C2325008A7590 /* Build configuration list for PBXNativeTarget "TestAppUITests" */;
			buildPhases = (
				52A8161F2B7C2325008A7590 /* Sources */,
				52A816202B7C2325008A7590 /* Frameworks */,
				52A816212B7C2325008A7590 /* Resources */,
			);
			buildRules = (
			);
			dependencies = (
				52A816252B7C2325008A7590 /* PBXTargetDependency */,
			);
			name = TestAppUITests;
			productName = TestAppUITests;
			productReference = 52A816232B7C2325008A7590 /* TestAppUITests.xctest */;
			productType = "com.apple.product-type.bundle.ui-testing";
		};
/* End PBXNativeTarget section */

/* Begin PBXProject section */
		52A816002B7C2322008A7590 /* Project object */ = {
			isa = PBXProject;
			attributes = {
				BuildIndependentTargetsInParallel = 1;
				LastSwiftUpdateCheck = 1520;
				LastUpgradeCheck = 1520;
				TargetAttributes = {
					52A816072B7C2323008A7590 = {
						CreatedOnToolsVersion = 15.2;
					};
					52A816182B7C2324008A7590 = {
						CreatedOnToolsVersion = 15.2;
						TestTargetID = 52A816072B7C2323008A7590;
					};
					52A816222B7C2325008A7590 = {
						CreatedOnToolsVersion = 15.2;
						TestTargetID = 52A816072B7C2323008A7590;
					};
				};
			};
			buildConfigurationList = 52A816032B7C2322008A7590 /* Build configuration list for PBXProject "TestApp" */;
			compatibilityVersion = "Xcode 14.0";
			developmentRegion = en;
			hasScannedForEncodings = 0;
			knownRegions = (
				en,
				Base,
			);
			mainGroup = 52A815FF2B7C2322008A7590;
			productRefGroup = 52A816092B7C2323008A7590 /* Products */;
			projectDirPath = "";
			projectRoot = "";
			targets = (
				52A816072B7C2323008A7590 /* TestApp */,
				52A816182B7C2324008A7590 /* TestAppTests */,
				52A816222B7C2325008A7590 /* TestAppUITests */,
			);
		};
/* End PBXProject section */

/* Begin PBXResourcesBuildPhase section */
		52A816062B7C2323008A7590 /* Resources */ = {
			isa = PBXResourcesBuildPhase;
			buildActionMask = 2147483647;
			files = (
				52A816142B7C2324008A7590 /* Preview Assets.xcassets in Resources */,
				52A816102B7C2324008A7590 /* Assets.xcassets in Resources */,
			);
			runOnlyForDeploymentPostprocessing = 0;
		};
		52A816172B7C2324008A7590 /* Resources */ = {
			isa = PBXResourcesBuildPhase;
			buildActionMask = 2147483647;
			files = (
			);
			runOnlyForDeploymentPostprocessing = 0;
		};
		52A816212B7C2325008A7590 /* Resources */ = {
			isa = PBXResourcesBuildPhase;
			buildActionMask = 2147483647;
			files = (
			);
			runOnlyForDeploymentPostprocessing = 0;
		};
/* End PBXResourcesBuildPhase section */

/* Begin PBXSourcesBuildPhase section */
		52A816042B7C2323008A7590 /* Sources */ = {
			isa = PBXSourcesBuildPhase;
			buildActionMask = 2147483647;
			files = (
				529F99702B91572E00C6D7A3 /* AppUser.swift in Sources */,
				529F99762B9160D300C6D7A3 /* content.swift in Sources */,
				52A816372B7C247E008A7590 /* Reminder.swift in Sources */,
				41B003712B82BC7D00DD5CF7 /* MindBodyModel.xcdatamodeld in Sources */,
				41B003762B82C32400DD5CF7 /* FoodItem+CoreDataClass.swift in Sources */,
				52A8160E2B7C2323008A7590 /* ContentView.swift in Sources */,
				952AB0332B7CA578000E90BB /* Food.swift in Sources */,
				529F996E2B9156DF00C6D7A3 /* UserAuth.swift in Sources */,
				95559C152B8D2A0200494243 /* Exercise.swift in Sources */,
				41B003792B8BFB2F00DD5CF7 /* User.swift in Sources */,
				52A816392B7C2558008A7590 /* Home.swift in Sources */,
				41B003732B82BFD900DD5CF7 /* CoreDataManager.swift in Sources */,
				52A8160C2B7C2323008A7590 /* TestAppApp.swift in Sources */,
				95559C172B8D57BA00494243 /* UserEntries.swift in Sources */,
			);
			runOnlyForDeploymentPostprocessing = 0;
		};
		52A816152B7C2324008A7590 /* Sources */ = {
			isa = PBXSourcesBuildPhase;
			buildActionMask = 2147483647;
			files = (
				52A8161E2B7C2324008A7590 /* TestAppTests.swift in Sources */,
			);
			runOnlyForDeploymentPostprocessing = 0;
		};
		52A8161F2B7C2325008A7590 /* Sources */ = {
			isa = PBXSourcesBuildPhase;
			buildActionMask = 2147483647;
			files = (
				52A8162A2B7C2325008A7590 /* TestAppUITestsLaunchTests.swift in Sources */,
				52A816282B7C2325008A7590 /* TestAppUITests.swift in Sources */,
			);
			runOnlyForDeploymentPostprocessing = 0;
		};
/* End PBXSourcesBuildPhase section */

/* Begin PBXTargetDependency section */
		52A8161B2B7C2324008A7590 /* PBXTargetDependency */ = {
			isa = PBXTargetDependency;
			target = 52A816072B7C2323008A7590 /* TestApp */;
			targetProxy = 52A8161A2B7C2324008A7590 /* PBXContainerItemProxy */;
		};
		52A816252B7C2325008A7590 /* PBXTargetDependency */ = {
			isa = PBXTargetDependency;
			target = 52A816072B7C2323008A7590 /* TestApp */;
			targetProxy = 52A816242B7C2325008A7590 /* PBXContainerItemProxy */;
		};
/* End PBXTargetDependency section */

/* Begin XCBuildConfiguration section */
		52A8162B2B7C2325008A7590 /* Debug */ = {
			isa = XCBuildConfiguration;
			buildSettings = {
				ALWAYS_SEARCH_USER_PATHS = NO;
				ASSETCATALOG_COMPILER_GENERATE_SWIFT_ASSET_SYMBOL_EXTENSIONS = YES;
				CLANG_ANALYZER_NONNULL = YES;
				CLANG_ANALYZER_NUMBER_OBJECT_CONVERSION = YES_AGGRESSIVE;
				CLANG_CXX_LANGUAGE_STANDARD = "gnu++20";
				CLANG_ENABLE_MODULES = YES;
				CLANG_ENABLE_OBJC_ARC = YES;
				CLANG_ENABLE_OBJC_WEAK = YES;
				CLANG_WARN_BLOCK_CAPTURE_AUTORELEASING = YES;
				CLANG_WARN_BOOL_CONVERSION = YES;
				CLANG_WARN_COMMA = YES;
				CLANG_WARN_CONSTANT_CONVERSION = YES;
				CLANG_WARN_DEPRECATED_OBJC_IMPLEMENTATIONS = YES;
				CLANG_WARN_DIRECT_OBJC_ISA_USAGE = YES_ERROR;
				CLANG_WARN_DOCUMENTATION_COMMENTS = YES;
				CLANG_WARN_EMPTY_BODY = YES;
				CLANG_WARN_ENUM_CONVERSION = YES;
				CLANG_WARN_INFINITE_RECURSION = YES;
				CLANG_WARN_INT_CONVERSION = YES;
				CLANG_WARN_NON_LITERAL_NULL_CONVERSION = YES;
				CLANG_WARN_OBJC_IMPLICIT_RETAIN_SELF = YES;
				CLANG_WARN_OBJC_LITERAL_CONVERSION = YES;
				CLANG_WARN_OBJC_ROOT_CLASS = YES_ERROR;
				CLANG_WARN_QUOTED_INCLUDE_IN_FRAMEWORK_HEADER = YES;
				CLANG_WARN_RANGE_LOOP_ANALYSIS = YES;
				CLANG_WARN_STRICT_PROTOTYPES = YES;
				CLANG_WARN_SUSPICIOUS_MOVE = YES;
				CLANG_WARN_UNGUARDED_AVAILABILITY = YES_AGGRESSIVE;
				CLANG_WARN_UNREACHABLE_CODE = YES;
				CLANG_WARN__DUPLICATE_METHOD_MATCH = YES;
				COPY_PHASE_STRIP = NO;
				DEBUG_INFORMATION_FORMAT = dwarf;
				ENABLE_STRICT_OBJC_MSGSEND = YES;
				ENABLE_TESTABILITY = YES;
				ENABLE_USER_SCRIPT_SANDBOXING = YES;
				GCC_C_LANGUAGE_STANDARD = gnu17;
				GCC_DYNAMIC_NO_PIC = NO;
				GCC_NO_COMMON_BLOCKS = YES;
				GCC_OPTIMIZATION_LEVEL = 0;
				GCC_PREPROCESSOR_DEFINITIONS = (
					"DEBUG=1",
					"$(inherited)",
				);
				GCC_WARN_64_TO_32_BIT_CONVERSION = YES;
				GCC_WARN_ABOUT_RETURN_TYPE = YES_ERROR;
				GCC_WARN_UNDECLARED_SELECTOR = YES;
				GCC_WARN_UNINITIALIZED_AUTOS = YES_AGGRESSIVE;
				GCC_WARN_UNUSED_FUNCTION = YES;
				GCC_WARN_UNUSED_VARIABLE = YES;
				LOCALIZATION_PREFERS_STRING_CATALOGS = YES;
				MTL_ENABLE_DEBUG_INFO = INCLUDE_SOURCE;
				MTL_FAST_MATH = YES;
				ONLY_ACTIVE_ARCH = YES;
				SWIFT_ACTIVE_COMPILATION_CONDITIONS = "DEBUG $(inherited)";
				SWIFT_OPTIMIZATION_LEVEL = "-Onone";
			};
			name = Debug;
		};
		52A8162C2B7C2325008A7590 /* Release */ = {
			isa = XCBuildConfiguration;
			buildSettings = {
				ALWAYS_SEARCH_USER_PATHS = NO;
				ASSETCATALOG_COMPILER_GENERATE_SWIFT_ASSET_SYMBOL_EXTENSIONS = YES;
				CLANG_ANALYZER_NONNULL = YES;
				CLANG_ANALYZER_NUMBER_OBJECT_CONVERSION = YES_AGGRESSIVE;
				CLANG_CXX_LANGUAGE_STANDARD = "gnu++20";
				CLANG_ENABLE_MODULES = YES;
				CLANG_ENABLE_OBJC_ARC = YES;
				CLANG_ENABLE_OBJC_WEAK = YES;
				CLANG_WARN_BLOCK_CAPTURE_AUTORELEASING = YES;
				CLANG_WARN_BOOL_CONVERSION = YES;
				CLANG_WARN_COMMA = YES;
				CLANG_WARN_CONSTANT_CONVERSION = YES;
				CLANG_WARN_DEPRECATED_OBJC_IMPLEMENTATIONS = YES;
				CLANG_WARN_DIRECT_OBJC_ISA_USAGE = YES_ERROR;
				CLANG_WARN_DOCUMENTATION_COMMENTS = YES;
				CLANG_WARN_EMPTY_BODY = YES;
				CLANG_WARN_ENUM_CONVERSION = YES;
				CLANG_WARN_INFINITE_RECURSION = YES;
				CLANG_WARN_INT_CONVERSION = YES;
				CLANG_WARN_NON_LITERAL_NULL_CONVERSION = YES;
				CLANG_WARN_OBJC_IMPLICIT_RETAIN_SELF = YES;
				CLANG_WARN_OBJC_LITERAL_CONVERSION = YES;
				CLANG_WARN_OBJC_ROOT_CLASS = YES_ERROR;
				CLANG_WARN_QUOTED_INCLUDE_IN_FRAMEWORK_HEADER = YES;
				CLANG_WARN_RANGE_LOOP_ANALYSIS = YES;
				CLANG_WARN_STRICT_PROTOTYPES = YES;
				CLANG_WARN_SUSPICIOUS_MOVE = YES;
				CLANG_WARN_UNGUARDED_AVAILABILITY = YES_AGGRESSIVE;
				CLANG_WARN_UNREACHABLE_CODE = YES;
				CLANG_WARN__DUPLICATE_METHOD_MATCH = YES;
				COPY_PHASE_STRIP = NO;
				DEBUG_INFORMATION_FORMAT = "dwarf-with-dsym";
				ENABLE_NS_ASSERTIONS = NO;
				ENABLE_STRICT_OBJC_MSGSEND = YES;
				ENABLE_USER_SCRIPT_SANDBOXING = YES;
				GCC_C_LANGUAGE_STANDARD = gnu17;
				GCC_NO_COMMON_BLOCKS = YES;
				GCC_WARN_64_TO_32_BIT_CONVERSION = YES;
				GCC_WARN_ABOUT_RETURN_TYPE = YES_ERROR;
				GCC_WARN_UNDECLARED_SELECTOR = YES;
				GCC_WARN_UNINITIALIZED_AUTOS = YES_AGGRESSIVE;
				GCC_WARN_UNUSED_FUNCTION = YES;
				GCC_WARN_UNUSED_VARIABLE = YES;
				LOCALIZATION_PREFERS_STRING_CATALOGS = YES;
				MTL_ENABLE_DEBUG_INFO = NO;
				MTL_FAST_MATH = YES;
				SWIFT_COMPILATION_MODE = wholemodule;
			};
			name = Release;
		};
		52A8162E2B7C2325008A7590 /* Debug */ = {
			isa = XCBuildConfiguration;
			buildSettings = {
				ASSETCATALOG_COMPILER_APPICON_NAME = AppIcon;
				ASSETCATALOG_COMPILER_GLOBAL_ACCENT_COLOR_NAME = AccentColor;
				CODE_SIGN_ENTITLEMENTS = TestApp/TestApp.entitlements;
				CODE_SIGN_STYLE = Automatic;
				CURRENT_PROJECT_VERSION = 1;
				DEVELOPMENT_ASSET_PATHS = "\"TestApp/Preview Content\"";
				DEVELOPMENT_TEAM = "";
				ENABLE_HARDENED_RUNTIME = YES;
				ENABLE_PREVIEWS = YES;
				GENERATE_INFOPLIST_FILE = YES;
				INFOPLIST_KEY_CFBundleDisplayName = MindBodyConnection;
				"INFOPLIST_KEY_UIApplicationSceneManifest_Generation[sdk=iphoneos*]" = YES;
				"INFOPLIST_KEY_UIApplicationSceneManifest_Generation[sdk=iphonesimulator*]" = YES;
				"INFOPLIST_KEY_UIApplicationSupportsIndirectInputEvents[sdk=iphoneos*]" = YES;
				"INFOPLIST_KEY_UIApplicationSupportsIndirectInputEvents[sdk=iphonesimulator*]" = YES;
				"INFOPLIST_KEY_UILaunchScreen_Generation[sdk=iphoneos*]" = YES;
				"INFOPLIST_KEY_UILaunchScreen_Generation[sdk=iphonesimulator*]" = YES;
				"INFOPLIST_KEY_UIStatusBarStyle[sdk=iphoneos*]" = UIStatusBarStyleDefault;
				"INFOPLIST_KEY_UIStatusBarStyle[sdk=iphonesimulator*]" = UIStatusBarStyleDefault;
				INFOPLIST_KEY_UISupportedInterfaceOrientations_iPad = "UIInterfaceOrientationPortrait UIInterfaceOrientationPortraitUpsideDown UIInterfaceOrientationLandscapeLeft UIInterfaceOrientationLandscapeRight";
				INFOPLIST_KEY_UISupportedInterfaceOrientations_iPhone = "UIInterfaceOrientationPortrait UIInterfaceOrientationLandscapeLeft UIInterfaceOrientationLandscapeRight";
				IPHONEOS_DEPLOYMENT_TARGET = 15.0;
				LD_RUNPATH_SEARCH_PATHS = "@executable_path/Frameworks";
				"LD_RUNPATH_SEARCH_PATHS[sdk=macosx*]" = "@executable_path/../Frameworks";
				MACOSX_DEPLOYMENT_TARGET = 14.2;
				MARKETING_VERSION = 1.0;
				PRODUCT_BUNDLE_IDENTIFIER = abc.TestApp;
				PRODUCT_NAME = "$(TARGET_NAME)";
				SDKROOT = auto;
				SUPPORTED_PLATFORMS = "iphoneos iphonesimulator macosx";
				SWIFT_EMIT_LOC_STRINGS = YES;
				SWIFT_VERSION = 5.0;
				TARGETED_DEVICE_FAMILY = "1,2";
			};
			name = Debug;
		};
		52A8162F2B7C2325008A7590 /* Release */ = {
			isa = XCBuildConfiguration;
			buildSettings = {
				ASSETCATALOG_COMPILER_APPICON_NAME = AppIcon;
				ASSETCATALOG_COMPILER_GLOBAL_ACCENT_COLOR_NAME = AccentColor;
				CODE_SIGN_ENTITLEMENTS = TestApp/TestApp.entitlements;
				CODE_SIGN_STYLE = Automatic;
				CURRENT_PROJECT_VERSION = 1;
				DEVELOPMENT_ASSET_PATHS = "\"TestApp/Preview Content\"";
				DEVELOPMENT_TEAM = "";
				ENABLE_HARDENED_RUNTIME = YES;
				ENABLE_PREVIEWS = YES;
				GENERATE_INFOPLIST_FILE = YES;
				INFOPLIST_KEY_CFBundleDisplayName = MindBodyConnection;
				"INFOPLIST_KEY_UIApplicationSceneManifest_Generation[sdk=iphoneos*]" = YES;
				"INFOPLIST_KEY_UIApplicationSceneManifest_Generation[sdk=iphonesimulator*]" = YES;
				"INFOPLIST_KEY_UIApplicationSupportsIndirectInputEvents[sdk=iphoneos*]" = YES;
				"INFOPLIST_KEY_UIApplicationSupportsIndirectInputEvents[sdk=iphonesimulator*]" = YES;
				"INFOPLIST_KEY_UILaunchScreen_Generation[sdk=iphoneos*]" = YES;
				"INFOPLIST_KEY_UILaunchScreen_Generation[sdk=iphonesimulator*]" = YES;
				"INFOPLIST_KEY_UIStatusBarStyle[sdk=iphoneos*]" = UIStatusBarStyleDefault;
				"INFOPLIST_KEY_UIStatusBarStyle[sdk=iphonesimulator*]" = UIStatusBarStyleDefault;
				INFOPLIST_KEY_UISupportedInterfaceOrientations_iPad = "UIInterfaceOrientationPortrait UIInterfaceOrientationPortraitUpsideDown UIInterfaceOrientationLandscapeLeft UIInterfaceOrientationLandscapeRight";
				INFOPLIST_KEY_UISupportedInterfaceOrientations_iPhone = "UIInterfaceOrientationPortrait UIInterfaceOrientationLandscapeLeft UIInterfaceOrientationLandscapeRight";
				IPHONEOS_DEPLOYMENT_TARGET = 15.0;
				LD_RUNPATH_SEARCH_PATHS = "@executable_path/Frameworks";
				"LD_RUNPATH_SEARCH_PATHS[sdk=macosx*]" = "@executable_path/../Frameworks";
				MACOSX_DEPLOYMENT_TARGET = 14.2;
				MARKETING_VERSION = 1.0;
				PRODUCT_BUNDLE_IDENTIFIER = abc.TestApp;
				PRODUCT_NAME = "$(TARGET_NAME)";
				SDKROOT = auto;
				SUPPORTED_PLATFORMS = "iphoneos iphonesimulator macosx";
				SWIFT_EMIT_LOC_STRINGS = YES;
				SWIFT_VERSION = 5.0;
				TARGETED_DEVICE_FAMILY = "1,2";
			};
			name = Release;
		};
		52A816312B7C2325008A7590 /* Debug */ = {
			isa = XCBuildConfiguration;
			buildSettings = {
				ALWAYS_EMBED_SWIFT_STANDARD_LIBRARIES = YES;
				BUNDLE_LOADER = "$(TEST_HOST)";
				CODE_SIGN_STYLE = Automatic;
				CURRENT_PROJECT_VERSION = 1;
				DEVELOPMENT_TEAM = ZD9U8W989Z;
				GENERATE_INFOPLIST_FILE = YES;
				IPHONEOS_DEPLOYMENT_TARGET = 17.2;
				MACOSX_DEPLOYMENT_TARGET = 14.2;
				MARKETING_VERSION = 1.0;
				PRODUCT_BUNDLE_IDENTIFIER = abc.TestAppTests;
				PRODUCT_NAME = "$(TARGET_NAME)";
				SDKROOT = auto;
				SUPPORTED_PLATFORMS = "iphoneos iphonesimulator macosx";
				SWIFT_EMIT_LOC_STRINGS = NO;
				SWIFT_VERSION = 5.0;
				TARGETED_DEVICE_FAMILY = "1,2";
				TEST_HOST = "$(BUILT_PRODUCTS_DIR)/TestApp.app/$(BUNDLE_EXECUTABLE_FOLDER_PATH)/TestApp";
			};
			name = Debug;
		};
		52A816322B7C2325008A7590 /* Release */ = {
			isa = XCBuildConfiguration;
			buildSettings = {
				ALWAYS_EMBED_SWIFT_STANDARD_LIBRARIES = YES;
				BUNDLE_LOADER = "$(TEST_HOST)";
				CODE_SIGN_STYLE = Automatic;
				CURRENT_PROJECT_VERSION = 1;
				DEVELOPMENT_TEAM = ZD9U8W989Z;
				GENERATE_INFOPLIST_FILE = YES;
				IPHONEOS_DEPLOYMENT_TARGET = 17.2;
				MACOSX_DEPLOYMENT_TARGET = 14.2;
				MARKETING_VERSION = 1.0;
				PRODUCT_BUNDLE_IDENTIFIER = abc.TestAppTests;
				PRODUCT_NAME = "$(TARGET_NAME)";
				SDKROOT = auto;
				SUPPORTED_PLATFORMS = "iphoneos iphonesimulator macosx";
				SWIFT_EMIT_LOC_STRINGS = NO;
				SWIFT_VERSION = 5.0;
				TARGETED_DEVICE_FAMILY = "1,2";
				TEST_HOST = "$(BUILT_PRODUCTS_DIR)/TestApp.app/$(BUNDLE_EXECUTABLE_FOLDER_PATH)/TestApp";
			};
			name = Release;
		};
		52A816342B7C2325008A7590 /* Debug */ = {
			isa = XCBuildConfiguration;
			buildSettings = {
				ALWAYS_EMBED_SWIFT_STANDARD_LIBRARIES = YES;
				CODE_SIGN_STYLE = Automatic;
				CURRENT_PROJECT_VERSION = 1;
				DEVELOPMENT_TEAM = ZD9U8W989Z;
				GENERATE_INFOPLIST_FILE = YES;
				IPHONEOS_DEPLOYMENT_TARGET = 17.2;
				MACOSX_DEPLOYMENT_TARGET = 14.2;
				MARKETING_VERSION = 1.0;
				PRODUCT_BUNDLE_IDENTIFIER = abc.TestAppUITests;
				PRODUCT_NAME = "$(TARGET_NAME)";
				SDKROOT = auto;
				SUPPORTED_PLATFORMS = "iphoneos iphonesimulator macosx";
				SWIFT_EMIT_LOC_STRINGS = NO;
				SWIFT_VERSION = 5.0;
				TARGETED_DEVICE_FAMILY = "1,2";
				TEST_TARGET_NAME = TestApp;
			};
			name = Debug;
		};
		52A816352B7C2325008A7590 /* Release */ = {
			isa = XCBuildConfiguration;
			buildSettings = {
				ALWAYS_EMBED_SWIFT_STANDARD_LIBRARIES = YES;
				CODE_SIGN_STYLE = Automatic;
				CURRENT_PROJECT_VERSION = 1;
				DEVELOPMENT_TEAM = ZD9U8W989Z;
				GENERATE_INFOPLIST_FILE = YES;
				IPHONEOS_DEPLOYMENT_TARGET = 17.2;
				MACOSX_DEPLOYMENT_TARGET = 14.2;
				MARKETING_VERSION = 1.0;
				PRODUCT_BUNDLE_IDENTIFIER = abc.TestAppUITests;
				PRODUCT_NAME = "$(TARGET_NAME)";
				SDKROOT = auto;
				SUPPORTED_PLATFORMS = "iphoneos iphonesimulator macosx";
				SWIFT_EMIT_LOC_STRINGS = NO;
				SWIFT_VERSION = 5.0;
				TARGETED_DEVICE_FAMILY = "1,2";
				TEST_TARGET_NAME = TestApp;
			};
			name = Release;
		};
/* End XCBuildConfiguration section */

/* Begin XCConfigurationList section */
		52A816032B7C2322008A7590 /* Build configuration list for PBXProject "TestApp" */ = {
			isa = XCConfigurationList;
			buildConfigurations = (
				52A8162B2B7C2325008A7590 /* Debug */,
				52A8162C2B7C2325008A7590 /* Release */,
			);
			defaultConfigurationIsVisible = 0;
			defaultConfigurationName = Release;
		};
		52A8162D2B7C2325008A7590 /* Build configuration list for PBXNativeTarget "TestApp" */ = {
			isa = XCConfigurationList;
			buildConfigurations = (
				52A8162E2B7C2325008A7590 /* Debug */,
				52A8162F2B7C2325008A7590 /* Release */,
			);
			defaultConfigurationIsVisible = 0;
			defaultConfigurationName = Release;
		};
		52A816302B7C2325008A7590 /* Build configuration list for PBXNativeTarget "TestAppTests" */ = {
			isa = XCConfigurationList;
			buildConfigurations = (
				52A816312B7C2325008A7590 /* Debug */,
				52A816322B7C2325008A7590 /* Release */,
			);
			defaultConfigurationIsVisible = 0;
			defaultConfigurationName = Release;
		};
		52A816332B7C2325008A7590 /* Build configuration list for PBXNativeTarget "TestAppUITests" */ = {
			isa = XCConfigurationList;
			buildConfigurations = (
				52A816342B7C2325008A7590 /* Debug */,
				52A816352B7C2325008A7590 /* Release */,
			);
			defaultConfigurationIsVisible = 0;
			defaultConfigurationName = Release;
		};
/* End XCConfigurationList section */

/* Begin XCVersionGroup section */
		41B0036F2B82BC7D00DD5CF7 /* MindBodyModel.xcdatamodeld */ = {
			isa = XCVersionGroup;
			children = (
				41B003702B82BC7D00DD5CF7 /* MindBodyModel.xcdatamodel */,
			);
			currentVersion = 41B003702B82BC7D00DD5CF7 /* MindBodyModel.xcdatamodel */;
			path = MindBodyModel.xcdatamodeld;
			sourceTree = "<group>";
			versionGroupType = wrapper.xcdatamodel;
		};
/* End XCVersionGroup section */
	};
	rootObject = 52A816002B7C2322008A7590 /* Project object */;
}
